
Microsoft Visual Studio Solution File, Format Version 12.00
# Visual Studio 15
VisualStudioVersion = 15.0.28010.2026
MinimumVisualStudioVersion = 10.0.40219.1
Project("{FAE04EC0-301F-11D3-BF4B-00C04F79EFBC}") = "ScratchPad", "ScratchPad\ScratchPad.csproj", "{89D22984-F21F-4BDC-AFAB-787BC246F1CE}"
EndProject
Global
	GlobalSection(SolutionConfigurationPlatforms) = preSolution
		Debug|Any CPU = Debug|Any CPU
		Release|Any CPU = Release|Any CPU
	EndGlobalSection
	GlobalSection(ProjectConfigurationPlatforms) = postSolution
		{89D22984-F21F-4BDC-AFAB-787BC246F1CE}.Debug|Any CPU.ActiveCfg = Debug|Any CPU
		{89D22984-F21F-4BDC-AFAB-787BC246F1CE}.Debug|Any CPU.Build.0 = Debug|Any CPU
		{89D22984-F21F-4BDC-AFAB-787BC246F1CE}.Release|Any CPU.ActiveCfg = Release|Any CPU
		{89D22984-F21F-4BDC-AFAB-787BC246F1CE}.Release|Any CPU.Build.0 = Release|Any CPU
	EndGlobalSection
	GlobalSection(SolutionProperties) = preSolution
		HideSolutionNode = FALSE
	EndGlobalSection
	GlobalSection(ExtensibilityGlobals) = postSolution
		SolutionGuid = {F8CF51AC-29B7-48A0-9E5A-CA80404FB0D2}
	EndGlobalSection
EndGlobal
